// !$*UTF8*$!
{
	archiveVersion = 1;
	classes = {
	};
	objectVersion = 77;
	objects = {

/* Begin PBXBuildFile section */
		000000000000000000000017 /* java-debug-adapter.jar in Resources */ = {isa = PBXBuildFile; fileRef = 000000000000000000000016 /* java-debug-adapter.jar */; };
		00000000000000000000006C /* Penumbra in Frameworks */ = {isa = PBXBuildFile; productRef = 00000000000000000000006B /* Penumbra */; };
		00000000000000000000006E /* PenumbraLanguages in Frameworks */ = {isa = PBXBuildFile; productRef = 00000000000000000000006D /* PenumbraLanguages */; };
		000000000000000000000070 /* PenumbraMarkdownLanguage in Frameworks */ = {isa = PBXBuildFile; productRef = 00000000000000000000006F /* PenumbraMarkdownLanguage */; };
		000000000000000000000072 /* JavaIntelligence in Frameworks */ = {isa = PBXBuildFile; productRef = 000000000000000000000071 /* JavaIntelligence */; };
		000000000000000000000074 /* EditorIntelligence in Frameworks */ = {isa = PBXBuildFile; productRef = 000000000000000000000073 /* EditorIntelligence */; };
		000000000000000000000076 /* GitIntelligence in Frameworks */ = {isa = PBXBuildFile; productRef = 000000000000000000000075 /* GitIntelligence */; };
		000000000000000000000078 /* SubprocessKit in Frameworks */ = {isa = PBXBuildFile; productRef = 000000000000000000000077 /* SubprocessKit */; };
		00000000000000000000007A /* AgentKit in Frameworks */ = {isa = PBXBuildFile; productRef = 000000000000000000000079 /* AgentKit */; };
		00000000000000000000007C /* AgentKitMLX in Frameworks */ = {isa = PBXBuildFile; productRef = 00000000000000000000007B /* AgentKitMLX */; };
		00000000000000000000007E /* LocalModelStore in Frameworks */ = {isa = PBXBuildFile; productRef = 00000000000000000000007D /* LocalModelStore */; };
		000000000000000000000080 /* SwiftTerm in Frameworks */ = {isa = PBXBuildFile; productRef = 00000000000000000000007F /* SwiftTerm */; };
		000000000000000000000082 /* DiagramKit in Frameworks */ = {isa = PBXBuildFile; productRef = 000000000000000000000081 /* DiagramKit */; };
		00000000000000000000000E /* Umbra.jpeg in Resources */ = {isa = PBXBuildFile; fileRef = 00000000000000000000000D /* Umbra.jpeg */; };
/* End PBXBuildFile section */

/* Begin PBXFileReference section */
		000000000000000000000016 /* java-debug-adapter.jar */ = {isa = PBXFileReference; lastKnownFileType = archive.jar; name = java-debug-adapter.jar; path = Umbra/Tools/JavaDebugAdapter/build/java-debug-adapter.jar; sourceTree = "<group>"; };
		000000000000000000000004 /* Umbra.app */ = {isa = PBXFileReference; explicitFileType = wrapper.application; includeInIndex = 0; path = Umbra.app; sourceTree = BUILT_PRODUCTS_DIR; };
		00000000000000000000000B /* Info.plist */ = {isa = PBXFileReference; lastKnownFileType = text.plist.xml; path = Info.plist; sourceTree = "<group>"; };
		00000000000000000000000C /* Umbra.entitlements */ = {isa = PBXFileReference; lastKnownFileType = text.plist.entitlements; path = Umbra.entitlements; sourceTree = "<group>"; };
		00000000000000000000000D /* Umbra.jpeg */ = {isa = PBXFileReference; lastKnownFileType = image.jpeg; name = Umbra.jpeg; path = umbra.icon/Assets/Umbra.jpeg; sourceTree = "<group>"; };
/* End PBXFileReference section */

/* Begin PBXFileSystemSynchronizedBuildFileExceptionSet section */
		00000000000000000000000F /* Exceptions for "Umbra" folder in "Umbra" target */ = {
			isa = PBXFileSystemSynchronizedBuildFileExceptionSet;
			membershipExceptions = (
				CLAUDE.md,
				SplitView/LICENSE,
				SplitView/README.md,
				Tools/JavaDebugAdapter/build.sh,
				Tools/JavaDebugAdapter/build/classes/com/umbra/debug/CompilingEvaluator$1.class,
				Tools/JavaDebugAdapter/build/classes/com/umbra/debug/CompilingEvaluator$Cache.class,
				Tools/JavaDebugAdapter/build/classes/com/umbra/debug/CompilingEvaluator$Invocation.class,
				Tools/JavaDebugAdapter/build/classes/com/umbra/debug/CompilingEvaluator$Output$1.class,
				Tools/JavaDebugAdapter/build/classes/com/umbra/debug/CompilingEvaluator$Output.class,
				Tools/JavaDebugAdapter/build/classes/com/umbra/debug/CompilingEvaluator$Parameter.class,
				Tools/JavaDebugAdapter/build/classes/com/umbra/debug/CompilingEvaluator$SignatureReader.class,
				Tools/JavaDebugAdapter/build/classes/com/umbra/debug/CompilingEvaluator$Source.class,
				Tools/JavaDebugAdapter/build/classes/com/umbra/debug/CompilingEvaluator.class,
				Tools/JavaDebugAdapter/build/classes/com/umbra/debug/DebugAdapter$Breakpoint.class,
				Tools/JavaDebugAdapter/build/classes/com/umbra/debug/DebugAdapter$Hit.class,
				Tools/JavaDebugAdapter/build/classes/com/umbra/debug/DebugAdapter$Kind.class,
				Tools/JavaDebugAdapter/build/classes/com/umbra/debug/DebugAdapter$OutputForwarder.class,
				Tools/JavaDebugAdapter/build/classes/com/umbra/debug/DebugAdapter$Stop.class,
				Tools/JavaDebugAdapter/build/classes/com/umbra/debug/DebugAdapter.class,
				Tools/JavaDebugAdapter/build/classes/com/umbra/debug/Evaluator$ArrayInit.class,
				Tools/JavaDebugAdapter/build/classes/com/umbra/debug/Evaluator$Assign.class,
				Tools/JavaDebugAdapter/build/classes/com/umbra/debug/Evaluator$Binary.class,
				Tools/JavaDebugAdapter/build/classes/com/umbra/debug/Evaluator$Call.class,
				Tools/JavaDebugAdapter/build/classes/com/umbra/debug/Evaluator$Cast.class,
				Tools/JavaDebugAdapter/build/classes/com/umbra/debug/Evaluator$Compiler.class,
				Tools/JavaDebugAdapter/build/classes/com/umbra/debug/Evaluator$Conditional.class,
				Tools/JavaDebugAdapter/build/classes/com/umbra/debug/Evaluator$Converted.class,
				Tools/JavaDebugAdapter/build/classes/com/umbra/debug/Evaluator$ConvertedArgs.class,
				Tools/JavaDebugAdapter/build/classes/com/umbra/debug/Evaluator$EvaluationException.class,
				Tools/JavaDebugAdapter/build/classes/com/umbra/debug/Evaluator$Index.class,
				Tools/JavaDebugAdapter/build/classes/com/umbra/debug/Evaluator$InstanceOf.class,
				Tools/JavaDebugAdapter/build/classes/com/umbra/debug/Evaluator$Invocation.class,
				Tools/JavaDebugAdapter/build/classes/com/umbra/debug/Evaluator$Kind.class,
				Tools/JavaDebugAdapter/build/classes/com/umbra/debug/Evaluator$Lexer.class,
				Tools/JavaDebugAdapter/build/classes/com/umbra/debug/Evaluator$Literal.class,
				Tools/JavaDebugAdapter/build/classes/com/umbra/debug/Evaluator$Member.class,
				Tools/JavaDebugAdapter/build/classes/com/umbra/debug/Evaluator$Name.class,
				Tools/JavaDebugAdapter/build/classes/com/umbra/debug/Evaluator$NeedsCompilation.class,
				Tools/JavaDebugAdapter/build/classes/com/umbra/debug/Evaluator$New.class,
				Tools/JavaDebugAdapter/build/classes/com/umbra/debug/Evaluator$NewArray.class,
				Tools/JavaDebugAdapter/build/classes/com/umbra/debug/Evaluator$Node.class,
				Tools/JavaDebugAdapter/build/classes/com/umbra/debug/Evaluator$Parser.class,
				Tools/JavaDebugAdapter/build/classes/com/umbra/debug/Evaluator$Pinned.class,
				Tools/JavaDebugAdapter/build/classes/com/umbra/debug/Evaluator$This.class,
				Tools/JavaDebugAdapter/build/classes/com/umbra/debug/Evaluator$Token.class,
				Tools/JavaDebugAdapter/build/classes/com/umbra/debug/Evaluator$Unary.class,
				Tools/JavaDebugAdapter/build/classes/com/umbra/debug/Evaluator$Unparsed.class,
				Tools/JavaDebugAdapter/build/classes/com/umbra/debug/Evaluator.class,
				Tools/JavaDebugAdapter/build/classes/com/umbra/debug/Json$Parser.class,
				Tools/JavaDebugAdapter/build/classes/com/umbra/debug/Json.class,
				Tools/JavaDebugAdapter/build/java-debug-adapter.jar,
				Tools/JavaDebugAdapter/build/sources.txt,
				Tools/JavaDebugAdapter/build/test-classes/com/umbra/debug/JsonTest.class,
				Tools/JavaDebugAdapter/build/test-sources.txt,
				Tools/JavaDebugAdapter/src/main/java/com/umbra/debug/CompilingEvaluator.java,
				Tools/JavaDebugAdapter/src/main/java/com/umbra/debug/DebugAdapter.java,
				Tools/JavaDebugAdapter/src/main/java/com/umbra/debug/Evaluator.java,
				Tools/JavaDebugAdapter/src/main/java/com/umbra/debug/Json.java,
				Tools/JavaDebugAdapter/src/test/java/com/umbra/debug/JsonTest.java,
			);
			target = 000000000000000000000005 /* Umbra */;
		};
/* End PBXFileSystemSynchronizedBuildFileExceptionSet section */

/* Begin PBXFileSystemSynchronizedRootGroup section */
		000000000000000000000009 /* Umbra */ = {
			isa = PBXFileSystemSynchronizedRootGroup;
			exceptions = (
				00000000000000000000000F /* Exceptions for "Umbra" folder in "Umbra" target */,
			);
			path = Umbra;
			sourceTree = "<group>";
		};
/* End PBXFileSystemSynchronizedRootGroup section */

/* Begin PBXFrameworksBuildPhase section */
		000000000000000000000007 /* Frameworks */ = {
			isa = PBXFrameworksBuildPhase;
			buildActionMask = 2147483647;
			files = (
				00000000000000000000006C /* Penumbra in Frameworks */,
				00000000000000000000006E /* PenumbraLanguages in Frameworks */,
				000000000000000000000070 /* PenumbraMarkdownLanguage in Frameworks */,
				000000000000000000000072 /* JavaIntelligence in Frameworks */,
				000000000000000000000074 /* EditorIntelligence in Frameworks */,
				000000000000000000000076 /* GitIntelligence in Frameworks */,
				000000000000000000000078 /* SubprocessKit in Frameworks */,
				00000000000000000000007A /* AgentKit in Frameworks */,
				00000000000000000000007C /* AgentKitMLX in Frameworks */,
				00000000000000000000007E /* LocalModelStore in Frameworks */,
				000000000000000000000080 /* SwiftTerm in Frameworks */,
				000000000000000000000082 /* DiagramKit in Frameworks */,
			);
			runOnlyForDeploymentPostprocessing = 0;
		};
/* End PBXFrameworksBuildPhase section */

/* Begin PBXGroup section */
		000000000000000000000002 = {
			isa = PBXGroup;
			children = (
				000000000000000000000009 /* Umbra */,
				00000000000000000000000A /* Resources */,
				00000000000000000000000D /* Umbra.jpeg */,
				000000000000000000000016 /* java-debug-adapter.jar */,
				000000000000000000000003 /* Products */,
			);
			sourceTree = "<group>";
		};
		000000000000000000000003 /* Products */ = {
			isa = PBXGroup;
			children = (
				000000000000000000000004 /* Umbra.app */,
			);
			name = Products;
			sourceTree = "<group>";
		};
		00000000000000000000000A /* Resources */ = {
			isa = PBXGroup;
			children = (
				00000000000000000000000B /* Info.plist */,
				00000000000000000000000C /* Umbra.entitlements */,
			);
			path = Resources;
			sourceTree = "<group>";
		};
/* End PBXGroup section */

/* Begin PBXNativeTarget section */
		000000000000000000000005 /* Umbra */ = {
			isa = PBXNativeTarget;
			buildConfigurationList = 000000000000000000000013 /* Build configuration list for PBXNativeTarget "Umbra" */;
			buildPhases = (
				000000000000000000000006 /* Sources */,
				000000000000000000000007 /* Frameworks */,
				000000000000000000000008 /* Resources */,
			);
			buildRules = (
			);
			dependencies = (
			);
			fileSystemSynchronizedGroups = (
				000000000000000000000009 /* Umbra */,
			);
			name = Umbra;
			packageProductDependencies = (
				00000000000000000000006B /* Penumbra */,
				00000000000000000000006D /* PenumbraLanguages */,
				00000000000000000000006F /* PenumbraMarkdownLanguage */,
				000000000000000000000071 /* JavaIntelligence */,
				000000000000000000000073 /* EditorIntelligence */,
				000000000000000000000075 /* GitIntelligence */,
				000000000000000000000077 /* SubprocessKit */,
				000000000000000000000079 /* AgentKit */,
				00000000000000000000007B /* AgentKitMLX */,
				00000000000000000000007D /* LocalModelStore */,
				00000000000000000000007F /* SwiftTerm */,
				000000000000000000000081 /* DiagramKit */,
			);
			productName = Umbra;
			productReference = 000000000000000000000004 /* Umbra.app */;
			productType = "com.apple.product-type.application";
		};
/* End PBXNativeTarget section */

/* Begin PBXProject section */
		000000000000000000000001 /* Project object */ = {
			isa = PBXProject;
			attributes = {
				BuildIndependentTargetsInParallel = 1;
				LastUpgradeCheck = 2700;
				TargetAttributes = {
					000000000000000000000005 = {
						CreatedOnToolsVersion = 27.0;
					};
				};
			};
			buildConfigurationList = 000000000000000000000010 /* Build configuration list for PBXProject "Umbra" */;
			compatibilityVersion = "Xcode 14.0";
			developmentRegion = en;
			hasScannedForEncodings = 0;
			knownRegions = (
				en,
				Base,
			);
			mainGroup = 000000000000000000000002;
			packageReferences = (
				000000000000000000000064 /* XCLocalSwiftPackageReference ".." */,
				000000000000000000000065 /* XCLocalSwiftPackageReference "../Packages/GitIntelligence" */,
				000000000000000000000066 /* XCLocalSwiftPackageReference "../Packages/SubprocessKit" */,
				000000000000000000000067 /* XCLocalSwiftPackageReference "../Packages/AgentKit" */,
				000000000000000000000068 /* XCLocalSwiftPackageReference "../Packages/AgentKitMLX" */,
				000000000000000000000069 /* XCRemoteSwiftPackageReference "SwiftTerm" */,
				00000000000000000000006A /* XCRemoteSwiftPackageReference "DiagramKit" */,
			);
			preferredProjectObjectVersion = 77;
			productRefGroup = 000000000000000000000003 /* Products */;
			projectDirPath = "";
			projectRoot = "";
			targets = (
				000000000000000000000005 /* Umbra */,
			);
		};
/* End PBXProject section */

/* Begin PBXResourcesBuildPhase section */
		000000000000000000000008 /* Resources */ = {
			isa = PBXResourcesBuildPhase;
			buildActionMask = 2147483647;
			files = (
				00000000000000000000000E /* Umbra.jpeg in Resources */,
				000000000000000000000017 /* java-debug-adapter.jar in Resources */,
			);
			runOnlyForDeploymentPostprocessing = 0;
		};
/* End PBXResourcesBuildPhase section */

/* Begin PBXSourcesBuildPhase section */
		000000000000000000000006 /* Sources */ = {
			isa = PBXSourcesBuildPhase;
			buildActionMask = 2147483647;
			files = (
			);
			runOnlyForDeploymentPostprocessing = 0;
		};
/* End PBXSourcesBuildPhase section */

/* Begin XCBuildConfiguration section */
		000000000000000000000011 /* Debug */ = {
			isa = XCBuildConfiguration;
			buildSettings = {
				ALWAYS_SEARCH_USER_PATHS = NO;
				CLANG_ENABLE_MODULES = YES;
				CLANG_ENABLE_OBJC_ARC = YES;
				COPY_PHASE_STRIP = NO;
				DEBUG_INFORMATION_FORMAT = dwarf;
				ENABLE_TESTABILITY = YES;
				GCC_C_LANGUAGE_STANDARD = gnu17;
				GCC_DYNAMIC_NO_PIC = NO;
				GCC_OPTIMIZATION_LEVEL = 0;
				GCC_PREPROCESSOR_DEFINITIONS = (
					"DEBUG=1",
					"$(inherited)",
				);
				MACOSX_DEPLOYMENT_TARGET = 26.0;
				MTL_ENABLE_DEBUG_INFO = INCLUDE_SOURCE;
				ONLY_ACTIVE_ARCH = YES;
				SDKROOT = macosx;
				SWIFT_ACTIVE_COMPILATION_CONDITIONS = DEBUG;
				SWIFT_OPTIMIZATION_LEVEL = "-Onone";
				SWIFT_VERSION = 6.0;
			};
			name = Debug;
		};
		000000000000000000000012 /* Release */ = {
			isa = XCBuildConfiguration;
			buildSettings = {
				ALWAYS_SEARCH_USER_PATHS = NO;
				CLANG_ENABLE_MODULES = YES;
				CLANG_ENABLE_OBJC_ARC = YES;
				COPY_PHASE_STRIP = NO;
				DEBUG_INFORMATION_FORMAT = "dwarf-with-dsym";
				ENABLE_NS_ASSERTIONS = NO;
				GCC_C_LANGUAGE_STANDARD = gnu17;
				MACOSX_DEPLOYMENT_TARGET = 26.0;
				MTL_ENABLE_DEBUG_INFO = NO;
				SDKROOT = macosx;
				SWIFT_COMPILATION_MODE = wholemodule;
				SWIFT_OPTIMIZATION_LEVEL = "-O";
				SWIFT_VERSION = 6.0;
			};
			name = Release;
		};
		000000000000000000000014 /* Debug */ = {
			isa = XCBuildConfiguration;
			buildSettings = {
				CODE_SIGN_ENTITLEMENTS = Resources/Umbra.entitlements;
				CODE_SIGN_IDENTITY = "-";
				CODE_SIGN_STYLE = Automatic;
				COMBINE_HIDPI_IMAGES = YES;
				DEVELOPMENT_TEAM = "";
				ENABLE_DEBUG_DYLIB = YES;
				ENABLE_HARDENED_RUNTIME = NO;
				GENERATE_INFOPLIST_FILE = NO;
				INFOPLIST_FILE = Resources/Info.plist;
				LD_RUNPATH_SEARCH_PATHS = (
					"$(inherited)",
					"@executable_path/../Frameworks",
				);
				MACOSX_DEPLOYMENT_TARGET = 26.0;
				PRODUCT_BUNDLE_IDENTIFIER = com.umbra.editor;
				PRODUCT_NAME = Umbra;
				SDKROOT = macosx;
				SWIFT_VERSION = 6.0;
			};
			name = Debug;
		};
		000000000000000000000015 /* Release */ = {
			isa = XCBuildConfiguration;
			buildSettings = {
				CODE_SIGN_ENTITLEMENTS = Resources/Umbra.entitlements;
				CODE_SIGN_IDENTITY = "-";
				CODE_SIGN_STYLE = Automatic;
				COMBINE_HIDPI_IMAGES = YES;
				DEVELOPMENT_TEAM = "";
				ENABLE_DEBUG_DYLIB = NO;
				ENABLE_HARDENED_RUNTIME = NO;
				GENERATE_INFOPLIST_FILE = NO;
				INFOPLIST_FILE = Resources/Info.plist;
				LD_RUNPATH_SEARCH_PATHS = (
					"$(inherited)",
					"@executable_path/../Frameworks",
				);
				MACOSX_DEPLOYMENT_TARGET = 26.0;
				PRODUCT_BUNDLE_IDENTIFIER = com.umbra.editor;
				PRODUCT_NAME = Umbra;
				SDKROOT = macosx;
				SWIFT_VERSION = 6.0;
			};
			name = Release;
		};
/* End XCBuildConfiguration section */

/* Begin XCConfigurationList section */
		000000000000000000000010 /* Build configuration list for PBXProject "Umbra" */ = {
			isa = XCConfigurationList;
			buildConfigurations = (
				000000000000000000000011 /* Debug */,
				000000000000000000000012 /* Release */,
			);
			defaultConfigurationIsVisible = 0;
			defaultConfigurationName = Release;
		};
		000000000000000000000013 /* Build configuration list for PBXNativeTarget "Umbra" */ = {
			isa = XCConfigurationList;
			buildConfigurations = (
				000000000000000000000014 /* Debug */,
				000000000000000000000015 /* Release */,
			);
			defaultConfigurationIsVisible = 0;
			defaultConfigurationName = Release;
		};
/* End XCConfigurationList section */

/* Begin XCLocalSwiftPackageReference section */
		000000000000000000000064 /* XCLocalSwiftPackageReference ".." */ = {
			isa = XCLocalSwiftPackageReference;
			relativePath = "..";
		};
		000000000000000000000065 /* XCLocalSwiftPackageReference "../Packages/GitIntelligence" */ = {
			isa = XCLocalSwiftPackageReference;
			relativePath = "../Packages/GitIntelligence";
		};
		000000000000000000000066 /* XCLocalSwiftPackageReference "../Packages/SubprocessKit" */ = {
			isa = XCLocalSwiftPackageReference;
			relativePath = "../Packages/SubprocessKit";
		};
		000000000000000000000067 /* XCLocalSwiftPackageReference "../Packages/AgentKit" */ = {
			isa = XCLocalSwiftPackageReference;
			relativePath = "../Packages/AgentKit";
		};
		000000000000000000000068 /* XCLocalSwiftPackageReference "../Packages/AgentKitMLX" */ = {
			isa = XCLocalSwiftPackageReference;
			relativePath = "../Packages/AgentKitMLX";
		};
/* End XCLocalSwiftPackageReference section */

/* Begin XCRemoteSwiftPackageReference section */
		000000000000000000000069 /* XCRemoteSwiftPackageReference "SwiftTerm" */ = {
			isa = XCRemoteSwiftPackageReference;
			repositoryURL = "https://github.com/migueldeicaza/SwiftTerm.git";
			requirement = {
				kind = upToNextMajorVersion;
				minimumVersion = 1.20.0;
			};
		};
		00000000000000000000006A /* XCRemoteSwiftPackageReference "DiagramKit" */ = {
			isa = XCRemoteSwiftPackageReference;
			repositoryURL = "https://github.com/alex-cova/DiagramKit";
			requirement = {
				kind = upToNextMajorVersion;
				minimumVersion = 1.0.0;
			};
		};
/* End XCRemoteSwiftPackageReference section */

/* Begin XCSwiftPackageProductDependency section */
		00000000000000000000006B /* Penumbra */ = {
			isa = XCSwiftPackageProductDependency;
			package = 000000000000000000000064 /* XCLocalSwiftPackageReference ".." */;
			productName = Penumbra;
		};
		00000000000000000000006D /* PenumbraLanguages */ = {
			isa = XCSwiftPackageProductDependency;
			package = 000000000000000000000064 /* XCLocalSwiftPackageReference ".." */;
			productName = PenumbraLanguages;
		};
		00000000000000000000006F /* PenumbraMarkdownLanguage */ = {
			isa = XCSwiftPackageProductDependency;
			package = 000000000000000000000064 /* XCLocalSwiftPackageReference ".." */;
			productName = PenumbraMarkdownLanguage;
		};
		000000000000000000000071 /* JavaIntelligence */ = {
			isa = XCSwiftPackageProductDependency;
			package = 000000000000000000000064 /* XCLocalSwiftPackageReference ".." */;
			productName = JavaIntelligence;
		};
		000000000000000000000073 /* EditorIntelligence */ = {
			isa = XCSwiftPackageProductDependency;
			package = 000000000000000000000064 /* XCLocalSwiftPackageReference ".." */;
			productName = EditorIntelligence;
		};
		000000000000000000000075 /* GitIntelligence */ = {
			isa = XCSwiftPackageProductDependency;
			package = 000000000000000000000065 /* XCLocalSwiftPackageReference "../Packages/GitIntelligence" */;
			productName = GitIntelligence;
		};
		000000000000000000000077 /* SubprocessKit */ = {
			isa = XCSwiftPackageProductDependency;
			package = 000000000000000000000066 /* XCLocalSwiftPackageReference "../Packages/SubprocessKit" */;
			productName = SubprocessKit;
		};
		000000000000000000000079 /* AgentKit */ = {
			isa = XCSwiftPackageProductDependency;
			package = 000000000000000000000067 /* XCLocalSwiftPackageReference "../Packages/AgentKit" */;
			productName = AgentKit;
		};
		00000000000000000000007B /* AgentKitMLX */ = {
			isa = XCSwiftPackageProductDependency;
			package = 000000000000000000000068 /* XCLocalSwiftPackageReference "../Packages/AgentKitMLX" */;
			productName = AgentKitMLX;
		};
		00000000000000000000007D /* LocalModelStore */ = {
			isa = XCSwiftPackageProductDependency;
			package = 000000000000000000000068 /* XCLocalSwiftPackageReference "../Packages/AgentKitMLX" */;
			productName = LocalModelStore;
		};
		00000000000000000000007F /* SwiftTerm */ = {
			isa = XCSwiftPackageProductDependency;
			package = 000000000000000000000069 /* XCRemoteSwiftPackageReference "SwiftTerm" */;
			productName = SwiftTerm;
		};
		000000000000000000000081 /* DiagramKit */ = {
			isa = XCSwiftPackageProductDependency;
			package = 00000000000000000000006A /* XCRemoteSwiftPackageReference "DiagramKit" */;
			productName = DiagramKit;
		};
/* End XCSwiftPackageProductDependency section */
	};
	rootObject = 000000000000000000000001 /* Project object */;
}
